
Microsoft Visual Studio Solution File, Format Version 12.00
# Visual Studio 14
VisualStudioVersion = 14.0.24720.0
MinimumVisualStudioVersion = 10.0.40219.1
Project("{FAE04EC0-301F-11D3-BF4B-00C04F79EFBC}") = "jimney", "jimney.csproj", "{2E3BEA7B-7B47-463F-BBD4-3FD81CE24D4D}"
EndProject
Global
	GlobalSection(SolutionConfigurationPlatforms) = preSolution
		Debug|Any CPU = Debug|Any CPU
		Release|Any CPU = Release|Any CPU
	EndGlobalSection
	GlobalSection(ProjectConfigurationPlatforms) = postSolution
		{2E3BEA7B-7B47-463F-BBD4-3FD81CE24D4D}.Debug|Any CPU.ActiveCfg = Debug|Any CPU
		{2E3BEA7B-7B47-463F-BBD4-3FD81CE24D4D}.Debug|Any CPU.Build.0 = Debug|Any CPU
		{2E3BEA7B-7B47-463F-BBD4-3FD81CE24D4D}.Release|Any CPU.ActiveCfg = Release|Any CPU
		{2E3BEA7B-7B47-463F-BBD4-3FD81CE24D4D}.Release|Any CPU.Build.0 = Release|Any CPU
		{FEABC0CA-56B2-40C3-82D2-094C95A1352B}.Debug|Any CPU.ActiveCfg = Debug|Any CPU
		{FEABC0CA-56B2-40C3-82D2-094C95A1352B}.Debug|Any CPU.Build.0 = Debug|Any CPU
		{FEABC0CA-56B2-40C3-82D2-094C95A1352B}.Release|Any CPU.ActiveCfg = Release|Any CPU
		{FEABC0CA-56B2-40C3-82D2-094C95A1352B}.Release|Any CPU.Build.0 = Release|Any CPU
	EndGlobalSection
	GlobalSection(SolutionProperties) = preSolution
		HideSolutionNode = FALSE
	EndGlobalSection
EndGlobal
